// !$*UTF8*$!
{
	archiveVersion = 1;
	classes = {
	};
	objectVersion = 46;
	objects = {

/* Begin PBXBuildFile section */
		DB106F791C5C0237008A512B /* settings.plist in Resources */ = {isa = PBXBuildFile; fileRef = DB106F781C5C0237008A512B /* settings.plist */; };
		DB1637211C5E0DA900712DF5 /* Arrow.cpp in Sources */ = {isa = PBXBuildFile; fileRef = DB16371F1C5E0DA900712DF5 /* Arrow.cpp */; };
		DB1637241C5E470000712DF5 /* TempLabel.cpp in Sources */ = {isa = PBXBuildFile; fileRef = DB1637221C5E470000712DF5 /* TempLabel.cpp */; };
		DB1637271C5E4A5F00712DF5 /* EndScene.cpp in Sources */ = {isa = PBXBuildFile; fileRef = DB1637251C5E4A5F00712DF5 /* EndScene.cpp */; };
		DB16372A1C5E4B3200712DF5 /* MainMenu.cpp in Sources */ = {isa = PBXBuildFile; fileRef = DB1637281C5E4B3200712DF5 /* MainMenu.cpp */; };
		DB16372D1C5E505100712DF5 /* SplashScreen.cpp in Sources */ = {isa = PBXBuildFile; fileRef = DB16372B1C5E505100712DF5 /* SplashScreen.cpp */; };
		DB1637331C5E57E200712DF5 /* Makefile in Sources */ = {isa = PBXBuildFile; fileRef = DB1637321C5E57E200712DF5 /* Makefile */; };
		DB1637351C5E585600712DF5 /* info.rc in Resources */ = {isa = PBXBuildFile; fileRef = DB1637341C5E585600712DF5 /* info.rc */; };
		DB3DD8BE1C5D6B12005E72B0 /* NoteController.cpp in Sources */ = {isa = PBXBuildFile; fileRef = DB3DD8BC1C5D6B12005E72B0 /* NoteController.cpp */; };
		DB3DD8C11C5D9386005E72B0 /* CalibrationScene.cpp in Sources */ = {isa = PBXBuildFile; fileRef = DB3DD8BF1C5D9386005E72B0 /* CalibrationScene.cpp */; };
		DB9DBDD41C5CE8D000572E09 /* assets in Resources */ = {isa = PBXBuildFile; fileRef = DB9DBDD31C5CE8D000572E09 /* assets */; };
		DB9DBDD91C5CF90700572E09 /* BeatController.cpp in Sources */ = {isa = PBXBuildFile; fileRef = DB9DBDD51C5CED8000572E09 /* BeatController.cpp */; };
		DB9DBDDC1C5D094600572E09 /* DanceScene.cpp in Sources */ = {isa = PBXBuildFile; fileRef = DB9DBDDA1C5D094600572E09 /* DanceScene.cpp */; };
		DB9DBDDF1C5D0AFD00572E09 /* Messenger.cpp in Sources */ = {isa = PBXBuildFile; fileRef = DB9DBDDD1C5D0AFD00572E09 /* Messenger.cpp */; };
		DBF3383F1C5BFFD700864199 /* main.cpp in Sources */ = {isa = PBXBuildFile; fileRef = DBF3383E1C5BFFD700864199 /* main.cpp */; };
		DBF338411C5BFFD700864199 /* Assets.xcassets in Resources */ = {isa = PBXBuildFile; fileRef = DBF338401C5BFFD700864199 /* Assets.xcassets */; };
		DBF3384F1C5C006D00864199 /* SDL2_image.framework in Frameworks */ = {isa = PBXBuildFile; fileRef = DBF3384B1C5C006D00864199 /* SDL2_image.framework */; };
		DBF338501C5C006D00864199 /* SDL2_image.framework in Embed Frameworks */ = {isa = PBXBuildFile; fileRef = DBF3384B1C5C006D00864199 /* SDL2_image.framework */; settings = {ATTRIBUTES = (CodeSignOnCopy, RemoveHeadersOnCopy, ); }; };
		DBF338511C5C006D00864199 /* SDL2_mixer.framework in Frameworks */ = {isa = PBXBuildFile; fileRef = DBF3384C1C5C006D00864199 /* SDL2_mixer.framework */; };
		DBF338521C5C006D00864199 /* SDL2_mixer.framework in Embed Frameworks */ = {isa = PBXBuildFile; fileRef = DBF3384C1C5C006D00864199 /* SDL2_mixer.framework */; settings = {ATTRIBUTES = (CodeSignOnCopy, RemoveHeadersOnCopy, ); }; };
		DBF338531C5C006D00864199 /* SDL2_ttf.framework in Frameworks */ = {isa = PBXBuildFile; fileRef = DBF3384D1C5C006D00864199 /* SDL2_ttf.framework */; };
		DBF338541C5C006D00864199 /* SDL2_ttf.framework in Embed Frameworks */ = {isa = PBXBuildFile; fileRef = DBF3384D1C5C006D00864199 /* SDL2_ttf.framework */; settings = {ATTRIBUTES = (CodeSignOnCopy, RemoveHeadersOnCopy, ); }; };
		DBF338551C5C006D00864199 /* SDL2.framework in Frameworks */ = {isa = PBXBuildFile; fileRef = DBF3384E1C5C006D00864199 /* SDL2.framework */; };
		DBF338561C5C006D00864199 /* SDL2.framework in Embed Frameworks */ = {isa = PBXBuildFile; fileRef = DBF3384E1C5C006D00864199 /* SDL2.framework */; settings = {ATTRIBUTES = (CodeSignOnCopy, RemoveHeadersOnCopy, ); }; };
		DBF3385A1C5C009900864199 /* Meteor.framework in Frameworks */ = {isa = PBXBuildFile; fileRef = DBF338591C5C009900864199 /* Meteor.framework */; };
		DBF3385B1C5C009900864199 /* Meteor.framework in Embed Frameworks */ = {isa = PBXBuildFile; fileRef = DBF338591C5C009900864199 /* Meteor.framework */; settings = {ATTRIBUTES = (CodeSignOnCopy, RemoveHeadersOnCopy, ); }; };
/* End PBXBuildFile section */

/* Begin PBXCopyFilesBuildPhase section */
		DBF338571C5C006D00864199 /* Embed Frameworks */ = {
			isa = PBXCopyFilesBuildPhase;
			buildActionMask = 2147483647;
			dstPath = "";
			dstSubfolderSpec = 10;
			files = (
				DBF338501C5C006D00864199 /* SDL2_image.framework in Embed Frameworks */,
				DBF338541C5C006D00864199 /* SDL2_ttf.framework in Embed Frameworks */,
				DBF338521C5C006D00864199 /* SDL2_mixer.framework in Embed Frameworks */,
				DBF338561C5C006D00864199 /* SDL2.framework in Embed Frameworks */,
				DBF3385B1C5C009900864199 /* Meteor.framework in Embed Frameworks */,
			);
			name = "Embed Frameworks";
			runOnlyForDeploymentPostprocessing = 0;
		};
/* End PBXCopyFilesBuildPhase section */

/* Begin PBXFileReference section */
		DB106F781C5C0237008A512B /* settings.plist */ = {isa = PBXFileReference; fileEncoding = 4; lastKnownFileType = text.plist.xml; path = settings.plist; sourceTree = "<group>"; };
		DB106F9B1C5CC04E008A512B /* defines.h */ = {isa = PBXFileReference; lastKnownFileType = sourcecode.c.h; path = defines.h; sourceTree = "<group>"; };
		DB16371F1C5E0DA900712DF5 /* Arrow.cpp */ = {isa = PBXFileReference; fileEncoding = 4; lastKnownFileType = sourcecode.cpp.cpp; path = Arrow.cpp; sourceTree = "<group>"; };
		DB1637201C5E0DA900712DF5 /* Arrow.hpp */ = {isa = PBXFileReference; fileEncoding = 4; lastKnownFileType = sourcecode.cpp.h; path = Arrow.hpp; sourceTree = "<group>"; };
		DB1637221C5E470000712DF5 /* TempLabel.cpp */ = {isa = PBXFileReference; fileEncoding = 4; lastKnownFileType = sourcecode.cpp.cpp; path = TempLabel.cpp; sourceTree = "<group>"; };
		DB1637231C5E470000712DF5 /* TempLabel.hpp */ = {isa = PBXFileReference; fileEncoding = 4; lastKnownFileType = sourcecode.cpp.h; path = TempLabel.hpp; sourceTree = "<group>"; };
		DB1637251C5E4A5F00712DF5 /* EndScene.cpp */ = {isa = PBXFileReference; fileEncoding = 4; lastKnownFileType = sourcecode.cpp.cpp; path = EndScene.cpp; sourceTree = "<group>"; };
		DB1637261C5E4A5F00712DF5 /* EndScene.hpp */ = {isa = PBXFileReference; fileEncoding = 4; lastKnownFileType = sourcecode.cpp.h; path = EndScene.hpp; sourceTree = "<group>"; };
		DB1637281C5E4B3200712DF5 /* MainMenu.cpp */ = {isa = PBXFileReference; fileEncoding = 4; lastKnownFileType = sourcecode.cpp.cpp; path = MainMenu.cpp; sourceTree = "<group>"; };
		DB1637291C5E4B3200712DF5 /* MainMenu.hpp */ = {isa = PBXFileReference; fileEncoding = 4; lastKnownFileType = sourcecode.cpp.h; path = MainMenu.hpp; sourceTree = "<group>"; };
		DB16372B1C5E505100712DF5 /* SplashScreen.cpp */ = {isa = PBXFileReference; fileEncoding = 4; lastKnownFileType = sourcecode.cpp.cpp; path = SplashScreen.cpp; sourceTree = "<group>"; };
		DB16372C1C5E505100712DF5 /* SplashScreen.hpp */ = {isa = PBXFileReference; fileEncoding = 4; lastKnownFileType = sourcecode.cpp.h; path = SplashScreen.hpp; sourceTree = "<group>"; };
		DB1637321C5E57E200712DF5 /* Makefile */ = {isa = PBXFileReference; fileEncoding = 4; lastKnownFileType = sourcecode.make; path = Makefile; sourceTree = "<group>"; };
		DB1637341C5E585600712DF5 /* info.rc */ = {isa = PBXFileReference; fileEncoding = 4; lastKnownFileType = text; path = info.rc; sourceTree = "<group>"; };
		DB3DD8BC1C5D6B12005E72B0 /* NoteController.cpp */ = {isa = PBXFileReference; fileEncoding = 4; lastKnownFileType = sourcecode.cpp.cpp; path = NoteController.cpp; sourceTree = "<group>"; };
		DB3DD8BD1C5D6B12005E72B0 /* NoteController.hpp */ = {isa = PBXFileReference; fileEncoding = 4; lastKnownFileType = sourcecode.cpp.h; path = NoteController.hpp; sourceTree = "<group>"; };
		DB3DD8BF1C5D9386005E72B0 /* CalibrationScene.cpp */ = {isa = PBXFileReference; fileEncoding = 4; lastKnownFileType = sourcecode.cpp.cpp; path = CalibrationScene.cpp; sourceTree = "<group>"; };
		DB3DD8C01C5D9386005E72B0 /* CalibrationScene.hpp */ = {isa = PBXFileReference; fileEncoding = 4; lastKnownFileType = sourcecode.cpp.h; path = CalibrationScene.hpp; sourceTree = "<group>"; };
		DB9DBDD31C5CE8D000572E09 /* assets */ = {isa = PBXFileReference; lastKnownFileType = folder; path = assets; sourceTree = SOURCE_ROOT; };
		DB9DBDD51C5CED8000572E09 /* BeatController.cpp */ = {isa = PBXFileReference; fileEncoding = 4; lastKnownFileType = sourcecode.cpp.cpp; path = BeatController.cpp; sourceTree = "<group>"; };
		DB9DBDD61C5CED8000572E09 /* BeatController.hpp */ = {isa = PBXFileReference; fileEncoding = 4; lastKnownFileType = sourcecode.cpp.h; path = BeatController.hpp; sourceTree = "<group>"; };
		DB9DBDDA1C5D094600572E09 /* DanceScene.cpp */ = {isa = PBXFileReference; fileEncoding = 4; lastKnownFileType = sourcecode.cpp.cpp; path = DanceScene.cpp; sourceTree = "<group>"; };
		DB9DBDDB1C5D094600572E09 /* DanceScene.hpp */ = {isa = PBXFileReference; fileEncoding = 4; lastKnownFileType = sourcecode.cpp.h; path = DanceScene.hpp; sourceTree = "<group>"; };
		DB9DBDDD1C5D0AFD00572E09 /* Messenger.cpp */ = {isa = PBXFileReference; fileEncoding = 4; lastKnownFileType = sourcecode.cpp.cpp; path = Messenger.cpp; sourceTree = "<group>"; };
		DB9DBDDE1C5D0AFD00572E09 /* Messenger.hpp */ = {isa = PBXFileReference; fileEncoding = 4; lastKnownFileType = sourcecode.cpp.h; path = Messenger.hpp; sourceTree = "<group>"; };
		DBF338371C5BFFD700864199 /* DoYouEvenDemon.app */ = {isa = PBXFileReference; explicitFileType = wrapper.application; includeInIndex = 0; path = DoYouEvenDemon.app; sourceTree = BUILT_PRODUCTS_DIR; };
		DBF3383E1C5BFFD700864199 /* main.cpp */ = {isa = PBXFileReference; lastKnownFileType = sourcecode.cpp.cpp; path = main.cpp; sourceTree = "<group>"; };
		DBF338401C5BFFD700864199 /* Assets.xcassets */ = {isa = PBXFileReference; lastKnownFileType = folder.assetcatalog; path = Assets.xcassets; sourceTree = "<group>"; };
		DBF338451C5BFFD700864199 /* Info.plist */ = {isa = PBXFileReference; lastKnownFileType = text.plist.xml; path = Info.plist; sourceTree = "<group>"; };
		DBF3384B1C5C006D00864199 /* SDL2_image.framework */ = {isa = PBXFileReference; lastKnownFileType = wrapper.framework; name = SDL2_image.framework; path = /Library/Frameworks/SDL2_image.framework; sourceTree = "<absolute>"; };
		DBF3384C1C5C006D00864199 /* SDL2_mixer.framework */ = {isa = PBXFileReference; lastKnownFileType = wrapper.framework; name = SDL2_mixer.framework; path = /Library/Frameworks/SDL2_mixer.framework; sourceTree = "<absolute>"; };
		DBF3384D1C5C006D00864199 /* SDL2_ttf.framework */ = {isa = PBXFileReference; lastKnownFileType = wrapper.framework; name = SDL2_ttf.framework; path = /Library/Frameworks/SDL2_ttf.framework; sourceTree = "<absolute>"; };
		DBF3384E1C5C006D00864199 /* SDL2.framework */ = {isa = PBXFileReference; lastKnownFileType = wrapper.framework; name = SDL2.framework; path = /Library/Frameworks/SDL2.framework; sourceTree = "<absolute>"; };
		DBF338591C5C009900864199 /* Meteor.framework */ = {isa = PBXFileReference; lastKnownFileType = wrapper.framework; name = Meteor.framework; path = ../../../../../toolchains/lib/osx/Meteor.framework; sourceTree = "<group>"; };
/* End PBXFileReference section */

/* Begin PBXFrameworksBuildPhase section */
		DBF338341C5BFFD700864199 /* Frameworks */ = {
			isa = PBXFrameworksBuildPhase;
			buildActionMask = 2147483647;
			files = (
				DBF3384F1C5C006D00864199 /* SDL2_image.framework in Frameworks */,
				DBF338531C5C006D00864199 /* SDL2_ttf.framework in Frameworks */,
				DBF338511C5C006D00864199 /* SDL2_mixer.framework in Frameworks */,
				DBF338551C5C006D00864199 /* SDL2.framework in Frameworks */,
				DBF3385A1C5C009900864199 /* Meteor.framework in Frameworks */,
			);
			runOnlyForDeploymentPostprocessing = 0;
		};
/* End PBXFrameworksBuildPhase section */

/* Begin PBXGroup section */
		DB106F961C5CBD93008A512B /* scenes */ = {
			isa = PBXGroup;
			children = (
				DB9DBDDA1C5D094600572E09 /* DanceScene.cpp */,
				DB9DBDDB1C5D094600572E09 /* DanceScene.hpp */,
				DB3DD8BF1C5D9386005E72B0 /* CalibrationScene.cpp */,
				DB3DD8C01C5D9386005E72B0 /* CalibrationScene.hpp */,
				DB1637251C5E4A5F00712DF5 /* EndScene.cpp */,
				DB1637261C5E4A5F00712DF5 /* EndScene.hpp */,
				DB1637281C5E4B3200712DF5 /* MainMenu.cpp */,
				DB1637291C5E4B3200712DF5 /* MainMenu.hpp */,
				DB16372B1C5E505100712DF5 /* SplashScreen.cpp */,
				DB16372C1C5E505100712DF5 /* SplashScreen.hpp */,
			);
			name = scenes;
			sourceTree = "<group>";
		};
		DB106F971C5CBD9E008A512B /* Systems */ = {
			isa = PBXGroup;
			children = (
				DB9DBDD51C5CED8000572E09 /* BeatController.cpp */,
				DB9DBDD61C5CED8000572E09 /* BeatController.hpp */,
				DB9DBDDD1C5D0AFD00572E09 /* Messenger.cpp */,
				DB9DBDDE1C5D0AFD00572E09 /* Messenger.hpp */,
				DB3DD8BC1C5D6B12005E72B0 /* NoteController.cpp */,
				DB3DD8BD1C5D6B12005E72B0 /* NoteController.hpp */,
			);
			name = Systems;
			sourceTree = "<group>";
		};
		DB16371E1C5E07A000712DF5 /* GameObjects */ = {
			isa = PBXGroup;
			children = (
				DB16371F1C5E0DA900712DF5 /* Arrow.cpp */,
				DB1637201C5E0DA900712DF5 /* Arrow.hpp */,
				DB1637221C5E470000712DF5 /* TempLabel.cpp */,
				DB1637231C5E470000712DF5 /* TempLabel.hpp */,
			);
			name = GameObjects;
			sourceTree = "<group>";
		};
		DBF3382E1C5BFFD700864199 = {
			isa = PBXGroup;
			children = (
				DBF338581C5C007C00864199 /* Libraries */,
				DBF338391C5BFFD700864199 /* DoYouEvenDemon */,
				DBF338381C5BFFD700864199 /* Products */,
			);
			sourceTree = "<group>";
		};
		DBF338381C5BFFD700864199 /* Products */ = {
			isa = PBXGroup;
			children = (
				DBF338371C5BFFD700864199 /* DoYouEvenDemon.app */,
			);
			name = Products;
			sourceTree = "<group>";
		};
		DBF338391C5BFFD700864199 /* DoYouEvenDemon */ = {
			isa = PBXGroup;
			children = (
				DB9DBDD31C5CE8D000572E09 /* assets */,
				DBF338401C5BFFD700864199 /* Assets.xcassets */,
				DB16371E1C5E07A000712DF5 /* GameObjects */,
				DB106F971C5CBD9E008A512B /* Systems */,
				DB106F961C5CBD93008A512B /* scenes */,
				DBF3383D1C5BFFD700864199 /* Supporting Files */,
			);
			path = DoYouEvenDemon;
			sourceTree = "<group>";
		};
		DBF3383D1C5BFFD700864199 /* Supporting Files */ = {
			isa = PBXGroup;
			children = (
				DBF338451C5BFFD700864199 /* Info.plist */,
				DB106F781C5C0237008A512B /* settings.plist */,
				DBF3383E1C5BFFD700864199 /* main.cpp */,
				DB106F9B1C5CC04E008A512B /* defines.h */,
				DB1637321C5E57E200712DF5 /* Makefile */,
				DB1637341C5E585600712DF5 /* info.rc */,
			);
			name = "Supporting Files";
			sourceTree = "<group>";
		};
		DBF338581C5C007C00864199 /* Libraries */ = {
			isa = PBXGroup;
			children = (
				DBF338591C5C009900864199 /* Meteor.framework */,
				DBF3384B1C5C006D00864199 /* SDL2_image.framework */,
				DBF3384C1C5C006D00864199 /* SDL2_mixer.framework */,
				DBF3384D1C5C006D00864199 /* SDL2_ttf.framework */,
				DBF3384E1C5C006D00864199 /* SDL2.framework */,
			);
			name = Libraries;
			sourceTree = "<group>";
		};
/* End PBXGroup section */

/* Begin PBXLegacyTarget section */
		DB1637361C5E58C300712DF5 /* DoYouEvenDemon-Win32 */ = {
			isa = PBXLegacyTarget;
			buildArgumentsString = "$(ACTION)";
			buildConfigurationList = DB1637371C5E58C300712DF5 /* Build configuration list for PBXLegacyTarget "DoYouEvenDemon-Win32" */;
			buildPhases = (
			);
			buildToolPath = /usr/bin/make;
			buildWorkingDirectory = /Users/cesar/Dropbox/gamedev/jams/GGJ16/DoYouEvenDemon/DoYouEvenDemon;
			dependencies = (
			);
			name = "DoYouEvenDemon-Win32";
			passBuildSettingsInEnvironment = 1;
			productName = DoYouEvenDemon;
		};
/* End PBXLegacyTarget section */

/* Begin PBXNativeTarget section */
		DBF338361C5BFFD700864199 /* DoYouEvenDemon-Mac */ = {
			isa = PBXNativeTarget;
			buildConfigurationList = DBF338481C5BFFD700864199 /* Build configuration list for PBXNativeTarget "DoYouEvenDemon-Mac" */;
			buildPhases = (
				DBF338331C5BFFD700864199 /* Sources */,
				DBF338341C5BFFD700864199 /* Frameworks */,
				DBF338351C5BFFD700864199 /* Resources */,
				DBF338571C5C006D00864199 /* Embed Frameworks */,
			);
			buildRules = (
			);
			dependencies = (
			);
			name = "DoYouEvenDemon-Mac";
			productName = DoYouEvenDemon;
			productReference = DBF338371C5BFFD700864199 /* DoYouEvenDemon.app */;
			productType = "com.apple.product-type.application";
		};
/* End PBXNativeTarget section */

/* Begin PBXProject section */
		DBF3382F1C5BFFD700864199 /* Project object */ = {
			isa = PBXProject;
			attributes = {
				LastUpgradeCheck = 0720;
				ORGANIZATIONNAME = PixelSpark;
				TargetAttributes = {
					DB1637361C5E58C300712DF5 = {
						CreatedOnToolsVersion = 7.2;
					};
					DBF338361C5BFFD700864199 = {
						CreatedOnToolsVersion = 7.2;
					};
				};
			};
			buildConfigurationList = DBF338321C5BFFD700864199 /* Build configuration list for PBXProject "DoYouEvenDemon" */;
			compatibilityVersion = "Xcode 3.2";
			developmentRegion = English;
			hasScannedForEncodings = 0;
			knownRegions = (
				en,
				Base,
			);
			mainGroup = DBF3382E1C5BFFD700864199;
			productRefGroup = DBF338381C5BFFD700864199 /* Products */;
			projectDirPath = "";
			projectRoot = "";
			targets = (
				DBF338361C5BFFD700864199 /* DoYouEvenDemon-Mac */,
				DB1637361C5E58C300712DF5 /* DoYouEvenDemon-Win32 */,
			);
		};
/* End PBXProject section */

/* Begin PBXResourcesBuildPhase section */
		DBF338351C5BFFD700864199 /* Resources */ = {
			isa = PBXResourcesBuildPhase;
			buildActionMask = 2147483647;
			files = (
				DB9DBDD41C5CE8D000572E09 /* assets in Resources */,
				DBF338411C5BFFD700864199 /* Assets.xcassets in Resources */,
				DB1637351C5E585600712DF5 /* info.rc in Resources */,
				DB106F791C5C0237008A512B /* settings.plist in Resources */,
			);
			runOnlyForDeploymentPostprocessing = 0;
		};
/* End PBXResourcesBuildPhase section */

/* Begin PBXSourcesBuildPhase section */
		DBF338331C5BFFD700864199 /* Sources */ = {
			isa = PBXSourcesBuildPhase;
			buildActionMask = 2147483647;
			files = (
				DB1637271C5E4A5F00712DF5 /* EndScene.cpp in Sources */,
				DB9DBDDC1C5D094600572E09 /* DanceScene.cpp in Sources */,
				DBF3383F1C5BFFD700864199 /* main.cpp in Sources */,
				DB3DD8BE1C5D6B12005E72B0 /* NoteController.cpp in Sources */,
				DB3DD8C11C5D9386005E72B0 /* CalibrationScene.cpp in Sources */,
				DB1637241C5E470000712DF5 /* TempLabel.cpp in Sources */,
				DB1637331C5E57E200712DF5 /* Makefile in Sources */,
				DB16372D1C5E505100712DF5 /* SplashScreen.cpp in Sources */,
				DB9DBDDF1C5D0AFD00572E09 /* Messenger.cpp in Sources */,
				DB1637211C5E0DA900712DF5 /* Arrow.cpp in Sources */,
				DB9DBDD91C5CF90700572E09 /* BeatController.cpp in Sources */,
				DB16372A1C5E4B3200712DF5 /* MainMenu.cpp in Sources */,
			);
			runOnlyForDeploymentPostprocessing = 0;
		};
/* End PBXSourcesBuildPhase section */

/* Begin XCBuildConfiguration section */
		DB1637381C5E58C300712DF5 /* Debug */ = {
			isa = XCBuildConfiguration;
			buildSettings = {
				CLANG_CXX_LANGUAGE_STANDARD = "gnu++14";
				DEBUGGING_SYMBOLS = YES;
				DEBUG_INFORMATION_FORMAT = dwarf;
				GCC_GENERATE_DEBUGGING_SYMBOLS = YES;
				GCC_OPTIMIZATION_LEVEL = 0;
				OTHER_CFLAGS = "";
				OTHER_LDFLAGS = "";
				PRODUCT_NAME = DoYouEvenDemon;
			};
			name = Debug;
		};
		DB1637391C5E58C300712DF5 /* Release */ = {
			isa = XCBuildConfiguration;
			buildSettings = {
				CLANG_CXX_LANGUAGE_STANDARD = "gnu++14";
				DEBUG_INFORMATION_FORMAT = "dwarf-with-dsym";
				GCC_OPTIMIZATION_LEVEL = 3;
				OTHER_CFLAGS = "";
				OTHER_LDFLAGS = "";
				PRODUCT_NAME = DoYouEvenDemon;
			};
			name = Release;
		};
		DBF338461C5BFFD700864199 /* Debug */ = {
			isa = XCBuildConfiguration;
			buildSettings = {
				ALWAYS_SEARCH_USER_PATHS = NO;
				CLANG_CXX_LANGUAGE_STANDARD = "gnu++0x";
				CLANG_CXX_LIBRARY = "libc++";
				CLANG_ENABLE_MODULES = YES;
				CLANG_ENABLE_OBJC_ARC = YES;
				CLANG_WARN_BOOL_CONVERSION = YES;
				CLANG_WARN_CONSTANT_CONVERSION = YES;
				CLANG_WARN_DIRECT_OBJC_ISA_USAGE = YES_ERROR;
				CLANG_WARN_EMPTY_BODY = YES;
				CLANG_WARN_ENUM_CONVERSION = YES;
				CLANG_WARN_INT_CONVERSION = YES;
				CLANG_WARN_OBJC_ROOT_CLASS = YES_ERROR;
				CLANG_WARN_UNREACHABLE_CODE = YES;
				CLANG_WARN__DUPLICATE_METHOD_MATCH = YES;
				CODE_SIGN_IDENTITY = "-";
				COPY_PHASE_STRIP = NO;
				DEBUG_INFORMATION_FORMAT = dwarf;
				ENABLE_STRICT_OBJC_MSGSEND = YES;
				ENABLE_TESTABILITY = YES;
				GCC_C_LANGUAGE_STANDARD = gnu99;
				GCC_DYNAMIC_NO_PIC = NO;
				GCC_NO_COMMON_BLOCKS = YES;
				GCC_OPTIMIZATION_LEVEL = 0;
				GCC_PREPROCESSOR_DEFINITIONS = (
					"DEBUG=1",
					"$(inherited)",
				);
				GCC_WARN_64_TO_32_BIT_CONVERSION = YES;
				GCC_WARN_ABOUT_RETURN_TYPE = YES_ERROR;
				GCC_WARN_UNDECLARED_SELECTOR = YES;
				GCC_WARN_UNINITIALIZED_AUTOS = YES_AGGRESSIVE;
				GCC_WARN_UNUSED_FUNCTION = YES;
				GCC_WARN_UNUSED_VARIABLE = YES;
				MACOSX_DEPLOYMENT_TARGET = 10.11;
				MTL_ENABLE_DEBUG_INFO = YES;
				ONLY_ACTIVE_ARCH = YES;
				SDKROOT = macosx;
			};
			name = Debug;
		};
		DBF338471C5BFFD700864199 /* Release */ = {
			isa = XCBuildConfiguration;
			buildSettings = {
				ALWAYS_SEARCH_USER_PATHS = NO;
				CLANG_CXX_LANGUAGE_STANDARD = "gnu++0x";
				CLANG_CXX_LIBRARY = "libc++";
				CLANG_ENABLE_MODULES = YES;
				CLANG_ENABLE_OBJC_ARC = YES;
				CLANG_WARN_BOOL_CONVERSION = YES;
				CLANG_WARN_CONSTANT_CONVERSION = YES;
				CLANG_WARN_DIRECT_OBJC_ISA_USAGE = YES_ERROR;
				CLANG_WARN_EMPTY_BODY = YES;
				CLANG_WARN_ENUM_CONVERSION = YES;
				CLANG_WARN_INT_CONVERSION = YES;
				CLANG_WARN_OBJC_ROOT_CLASS = YES_ERROR;
				CLANG_WARN_UNREACHABLE_CODE = YES;
				CLANG_WARN__DUPLICATE_METHOD_MATCH = YES;
				CODE_SIGN_IDENTITY = "-";
				COPY_PHASE_STRIP = NO;
				DEBUG_INFORMATION_FORMAT = "dwarf-with-dsym";
				ENABLE_NS_ASSERTIONS = NO;
				ENABLE_STRICT_OBJC_MSGSEND = YES;
				GCC_C_LANGUAGE_STANDARD = gnu99;
				GCC_NO_COMMON_BLOCKS = YES;
				GCC_WARN_64_TO_32_BIT_CONVERSION = YES;
				GCC_WARN_ABOUT_RETURN_TYPE = YES_ERROR;
				GCC_WARN_UNDECLARED_SELECTOR = YES;
				GCC_WARN_UNINITIALIZED_AUTOS = YES_AGGRESSIVE;
				GCC_WARN_UNUSED_FUNCTION = YES;
				GCC_WARN_UNUSED_VARIABLE = YES;
				MACOSX_DEPLOYMENT_TARGET = 10.11;
				MTL_ENABLE_DEBUG_INFO = NO;
				SDKROOT = macosx;
			};
			name = Release;
		};
		DBF338491C5BFFD700864199 /* Debug */ = {
			isa = XCBuildConfiguration;
			buildSettings = {
				ASSETCATALOG_COMPILER_APPICON_NAME = AppIcon;
				COMBINE_HIDPI_IMAGES = YES;
				FRAMEWORK_SEARCH_PATHS = (
					/Users/cesar/toolchains/lib/osx,
					"$(LOCAL_LIBRARY_DIR)/Frameworks",
				);
				GCC_OPTIMIZATION_LEVEL = 0;
				INFOPLIST_FILE = DoYouEvenDemon/Info.plist;
				LD_RUNPATH_SEARCH_PATHS = "$(inherited) @executable_path/../Frameworks";
				PRODUCT_BUNDLE_IDENTIFIER = com.cesarparent.DoYouEvenDemon;
				PRODUCT_NAME = DoYouEvenDemon;
			};
			name = Debug;
		};
		DBF3384A1C5BFFD700864199 /* Release */ = {
			isa = XCBuildConfiguration;
			buildSettings = {
				ASSETCATALOG_COMPILER_APPICON_NAME = AppIcon;
				COMBINE_HIDPI_IMAGES = YES;
				FRAMEWORK_SEARCH_PATHS = (
					/Users/cesar/toolchains/lib/osx,
					"$(LOCAL_LIBRARY_DIR)/Frameworks",
				);
				INFOPLIST_FILE = DoYouEvenDemon/Info.plist;
				LD_RUNPATH_SEARCH_PATHS = "$(inherited) @executable_path/../Frameworks";
				PRODUCT_BUNDLE_IDENTIFIER = com.cesarparent.DoYouEvenDemon;
				PRODUCT_NAME = DoYouEvenDemon;
			};
			name = Release;
		};
/* End XCBuildConfiguration section */

/* Begin XCConfigurationList section */
		DB1637371C5E58C300712DF5 /* Build configuration list for PBXLegacyTarget "DoYouEvenDemon-Win32" */ = {
			isa = XCConfigurationList;
			buildConfigurations = (
				DB1637381C5E58C300712DF5 /* Debug */,
				DB1637391C5E58C300712DF5 /* Release */,
			);
			defaultConfigurationIsVisible = 0;
		};
		DBF338321C5BFFD700864199 /* Build configuration list for PBXProject "DoYouEvenDemon" */ = {
			isa = XCConfigurationList;
			buildConfigurations = (
				DBF338461C5BFFD700864199 /* Debug */,
				DBF338471C5BFFD700864199 /* Release */,
			);
			defaultConfigurationIsVisible = 0;
			defaultConfigurationName = Release;
		};
		DBF338481C5BFFD700864199 /* Build configuration list for PBXNativeTarget "DoYouEvenDemon-Mac" */ = {
			isa = XCConfigurationList;
			buildConfigurations = (
				DBF338491C5BFFD700864199 /* Debug */,
				DBF3384A1C5BFFD700864199 /* Release */,
			);
			defaultConfigurationIsVisible = 0;
			defaultConfigurationName = Release;
		};
/* End XCConfigurationList section */
	};
	rootObject = DBF3382F1C5BFFD700864199 /* Project object */;
}
